{
  "requires": true,
  "lockfileVersion": 1,
  "dependencies": {
    "san": {
      "version": "3.5.7",
      "resolved": "https://registry.npmjs.org/san/-/san-3.5.7.tgz",
      "integrity": "sha512-WibRISI7EH/tA6aXBVOJirdw61QVu2StgbU/PzOcUplWtARm6grixy3GlWCCtcS6NStscIkOlEONUG1gGZWD3A=="
    }
  }
}
